{
  "name": "circuits",
  "lockfileVersion": 3,
  "requires": true,
  "packages": {
    "": {
      "dependencies": {
        "circomlib": "^2.0.5"
      }
    },
    "node_modules/circomlib": {
      "version": "2.0.5",
      "resolved": "https://registry.npmjs.org/circomlib/-/circomlib-2.0.5.tgz",
      "integrity": "sha512-O7NQ8OS+J4eshBuoy36z/TwQU0YHw8W3zxZcs4hVwpEll3e4hDm3mgkIPqItN8FDeLEKZFK3YeT/+k8TiLF3/A=="
    }
  }
}
