# This file is automatically @generated by Cargo.
# It is not intended for manual editing.
version = 4

[[package]]
name = "ahash"
version = "0.8.12"
source = "registry+https://github.com/rust-lang/crates.io-index"
checksum = "5a15f179cd60c4584b8a8c596927aadc462e27f2ca70c04e0071964a73ba7a75"
dependencies = [
 "cfg-if",
 "once_cell",
 "version_check",
 "zerocopy",
]

[[package]]
name = "allocative"
version = "0.3.6"
source = "registry+https://github.com/rust-lang/crates.io-index"
checksum = "d8cf9afc79c83d514444b55df3935d317da54b1ce3b17a133c646889cc260de8"
dependencies = [
 "allocative_derive",
 "ctor",
]

[[package]]
name = "allocative_derive"
version = "0.3.6"
source = "registry+https://github.com/rust-lang/crates.io-index"
checksum = "614043c56c1173b800acb007b81fd0cbc0a0d7d717b71ba705fc2230d0760a23"
dependencies = [
 "proc-macro2",
 "quote",
 "syn",
]

[[package]]
name = "allocator-api2"
version = "0.2.21"
source = "registry+https://github.com/rust-lang/crates.io-index"
checksum = "683d7910e743518b0e34f1186f92494becacb047c7b6bf616c96772180fef923"

[[package]]
name = "arbitrary"
version = "1.4.2"
source = "registry+https://github.com/rust-lang/crates.io-index"
checksum = "c3d036a3c4ab069c7b410a2ce876bd74808d2d0888a82667669f8e783a898bf1"

[[package]]
name = "ark-bn254"
version = "0.5.0"
source = "git+https://github.com/a16z/arkworks-algebra?branch=dev%2Ftwist-shout#76bb3a4518928f1ff7f15875f940d614bb9845e6"
dependencies = [
 "ark-ec",
 "ark-ff 0.5.0",
 "ark-serialize 0.5.0",
 "ark-std 0.5.0",
]

[[package]]
name = "ark-ec"
version = "0.5.0"
source = "git+https://github.com/a16z/arkworks-algebra?branch=dev%2Ftwist-shout#76bb3a4518928f1ff7f15875f940d614bb9845e6"
dependencies = [
 "ahash",
 "ark-ff 0.5.0",
 "ark-poly",
 "ark-serialize 0.5.0",
 "ark-std 0.5.0",
 "educe",
 "fnv",
 "hashbrown",
 "itertools 0.13.0",
 "num-bigint",
 "num-integer",
 "num-traits",
 "zeroize",
]

[[package]]
name = "ark-ff"
version = "0.5.0"
source = "git+https://github.com/a16z/arkworks-algebra?branch=dev%2Ftwist-shout#76bb3a4518928f1ff7f15875f940d614bb9845e6"
dependencies = [
 "allocative",
 "ark-ff-asm 0.5.0",
 "ark-ff-macros 0.5.0",
 "ark-serialize 0.5.0",
 "ark-std 0.5.0",
 "arrayvec",
 "digest 0.10.7",
 "educe",
 "itertools 0.13.0",
 "num-bigint",
 "num-traits",
 "paste",
 "zeroize",
]

[[package]]
name = "ark-ff"
version = "0.6.0"
source = "registry+https://github.com/rust-lang/crates.io-index"
checksum = "f7a806ac6c8307b929df4645776290a50ee2aac754ad09d8bdf73391309e43af"
dependencies = [
 "ark-ff-asm 0.6.0",
 "ark-ff-macros 0.6.0",
 "ark-serialize 0.6.0",
 "ark-std 0.6.0",
 "digest 0.10.7",
 "educe",
 "num-bigint",
 "num-traits",
 "zeroize",
]

[[package]]
name = "ark-ff-asm"
version = "0.5.0"
source = "git+https://github.com/a16z/arkworks-algebra?branch=dev%2Ftwist-shout#76bb3a4518928f1ff7f15875f940d614bb9845e6"
dependencies = [
 "quote",
 "syn",
]

[[package]]
name = "ark-ff-asm"
version = "0.6.0"
source = "registry+https://github.com/rust-lang/crates.io-index"
checksum = "1479009684adc073dff49a1025d3a7065b317a9ead25aaaca38cdc70058ba8a2"
dependencies = [
 "quote",
 "syn",
]

[[package]]
name = "ark-ff-macros"
version = "0.5.0"
source = "git+https://github.com/a16z/arkworks-algebra?branch=dev%2Ftwist-shout#76bb3a4518928f1ff7f15875f940d614bb9845e6"
dependencies = [
 "num-bigint",
 "num-traits",
 "proc-macro2",
 "quote",
 "syn",
]

[[package]]
name = "ark-ff-macros"
version = "0.6.0"
source = "registry+https://github.com/rust-lang/crates.io-index"
checksum = "4a0691ed21ef00ef89c1e9bda832eba493dda3ec2f8d892fb25b705f73f06bb8"
dependencies = [
 "num-bigint",
 "num-traits",
 "proc-macro2",
 "quote",
 "syn",
]

[[package]]
name = "ark-poly"
version = "0.5.0"
source = "git+https://github.com/a16z/arkworks-algebra?branch=dev%2Ftwist-shout#76bb3a4518928f1ff7f15875f940d614bb9845e6"
dependencies = [
 "ahash",
 "ark-ff 0.5.0",
 "ark-serialize 0.5.0",
 "ark-std 0.5.0",
 "educe",
 "fnv",
 "hashbrown",
]

[[package]]
name = "ark-serialize"
version = "0.5.0"
source = "git+https://github.com/a16z/arkworks-algebra?branch=dev%2Ftwist-shout#76bb3a4518928f1ff7f15875f940d614bb9845e6"
dependencies = [
 "ark-serialize-derive 0.5.0",
 "ark-std 0.5.0",
 "arrayvec",
 "digest 0.10.7",
 "num-bigint",
]

[[package]]
name = "ark-serialize"
version = "0.6.0"
source = "registry+https://github.com/rust-lang/crates.io-index"
checksum = "a74dd304fd536fb95d0a328e72be759209cc496a9da094c5bc56e5fea4f9e86b"
dependencies = [
 "ark-serialize-derive 0.6.0",
 "ark-std 0.6.0",
 "digest 0.10.7",
 "num-bigint",
]

[[package]]
name = "ark-serialize-derive"
version = "0.5.0"
source = "git+https://github.com/a16z/arkworks-algebra?branch=dev%2Ftwist-shout#76bb3a4518928f1ff7f15875f940d614bb9845e6"
dependencies = [
 "proc-macro2",
 "quote",
 "syn",
]

[[package]]
name = "ark-serialize-derive"
version = "0.6.0"
source = "registry+https://github.com/rust-lang/crates.io-index"
checksum = "4f153690697a2b91e5e1251ff98411ee5371500a111a0fd317a70e588eb300f9"
dependencies = [
 "proc-macro2",
 "quote",
 "syn",
]

[[package]]
name = "ark-std"
version = "0.5.0"
source = "registry+https://github.com/rust-lang/crates.io-index"
checksum = "246a225cc6131e9ee4f24619af0f19d67761fff15d7ccc22e42b80846e69449a"
dependencies = [
 "num-traits",
 "rand 0.8.7",
]

[[package]]
name = "ark-std"
version = "0.6.0"
source = "registry+https://github.com/rust-lang/crates.io-index"
checksum = "367c9c827ed431bff6868b7aa926e05b16eb46603cc8b6e768e4a5553fa1d155"
dependencies = [
 "num-traits",
 "rand 0.8.7",
]

[[package]]
name = "arrayvec"
version = "0.7.8"
source = "registry+https://github.com/rust-lang/crates.io-index"
checksum = "d3fb67a6e08acf24fdeccbac2cb6ac4305825bd1f117462e0e6f2f193345ad56"

[[package]]
name = "autocfg"
version = "1.5.1"
source = "registry+https://github.com/rust-lang/crates.io-index"
checksum = "f2032f911046de80f0a198e0901378627c33f59ea0ac00e363d481118bd70a53"

[[package]]
name = "blake2"
version = "0.11.0-rc.6"
source = "registry+https://github.com/rust-lang/crates.io-index"
checksum = "061f1a09225e328e1ffbb378d2d49923c0ca5fee19fb5ac1cc9c1e9d52b93690"
dependencies = [
 "digest 0.11.3",
]

[[package]]
name = "block-buffer"
version = "0.12.1"
source = "registry+https://github.com/rust-lang/crates.io-index"
checksum = "d2f6c7dbe95a6ed67ad9f18e57daf93a2f034c524b99fd2b76d18fdfeb6660aa"
dependencies = [
 "hybrid-array",
]

[[package]]
name = "cc"
version = "1.2.67"
source = "registry+https://github.com/rust-lang/crates.io-index"
checksum = "e17dd265a7d0f31ef544e1b20e03add05d3b45b491b633b10d67145d2acc1a38"
dependencies = [
 "find-msvc-tools",
 "jobserver",
 "libc",
 "shlex",
]

[[package]]
name = "cfg-if"
version = "1.0.4"
source = "registry+https://github.com/rust-lang/crates.io-index"
checksum = "9330f8b2ff13f34540b44e946ef35111825727b38d33286ef986142615121801"

[[package]]
name = "cmov"
version = "0.5.4"
source = "registry+https://github.com/rust-lang/crates.io-index"
checksum = "0c9ea0ac24bc397ab3c98583a3c9ba74fa56b09a4449bbe172b9b1ddb016027a"

[[package]]
name = "const-oid"
version = "0.10.2"
source = "registry+https://github.com/rust-lang/crates.io-index"
checksum = "a6ef517f0926dd24a1582492c791b6a4818a4d94e789a334894aa15b0d12f55c"

[[package]]
name = "cpufeatures"
version = "0.2.17"
source = "registry+https://github.com/rust-lang/crates.io-index"
checksum = "59ed5838eebb26a2bb2e58f6d5b5316989ae9d08bab10e0e6d103e656d1b0280"
dependencies = [
 "libc",
]

[[package]]
name = "cpufeatures"
version = "0.3.0"
source = "registry+https://github.com/rust-lang/crates.io-index"
checksum = "8b2a41393f66f16b0823bb79094d54ac5fbd34ab292ddafb9a0456ac9f87d201"
dependencies = [
 "libc",
]

[[package]]
name = "crossbeam-deque"
version = "0.8.7"
source = "registry+https://github.com/rust-lang/crates.io-index"
checksum = "5181e0de7b61eb03a81e347d6dd8797bae9da5146707b51077e2d71a54ec0ceb"
dependencies = [
 "crossbeam-epoch",
 "crossbeam-utils",
]

[[package]]
name = "crossbeam-epoch"
version = "0.9.20"
source = "registry+https://github.com/rust-lang/crates.io-index"
checksum = "2d6914041f254d6e9176c01941b21115dcfb7089e55135a35411081bd106ef3f"
dependencies = [
 "crossbeam-utils",
]

[[package]]
name = "crossbeam-utils"
version = "0.8.22"
source = "registry+https://github.com/rust-lang/crates.io-index"
checksum = "61803da095bee82a81bb1a452ecc25d3b2f1416d1897eb86430c6159ef717c17"

[[package]]
name = "crypto-common"
version = "0.1.7"
source = "registry+https://github.com/rust-lang/crates.io-index"
checksum = "78c8292055d1c1df0cce5d180393dc8cce0abec0a7102adb6c7b1eef6016d60a"
dependencies = [
 "generic-array",
 "typenum",
]

[[package]]
name = "crypto-common"
version = "0.2.2"
source = "registry+https://github.com/rust-lang/crates.io-index"
checksum = "ce6e4c961d6cd6c9a86db418387425e8bdeaf05b3c8bc1411e6dca4c252f1453"
dependencies = [
 "hybrid-array",
]

[[package]]
name = "ctor"
version = "1.0.8"
source = "registry+https://github.com/rust-lang/crates.io-index"
checksum = "fb22e947478ccf9dc44d8922042c677a63fbb88f2cb468521d1145816e5087cb"
dependencies = [
 "link-section",
 "linktime-proc-macro",
]

[[package]]
name = "ctutils"
version = "0.4.2"
source = "registry+https://github.com/rust-lang/crates.io-index"
checksum = "7d5515a3834141de9eafb9717ad39eea8247b5674e6066c404e8c4b365d2a29e"
dependencies = [
 "cmov",
]

[[package]]
name = "digest"
version = "0.10.7"
source = "registry+https://github.com/rust-lang/crates.io-index"
checksum = "9ed9a281f7bc9b7576e61468ba615a66a5c8cfdff42420a70aa82701a3b1e292"
dependencies = [
 "crypto-common 0.1.7",
]

[[package]]
name = "digest"
version = "0.11.3"
source = "registry+https://github.com/rust-lang/crates.io-index"
checksum = "f1dd6dbb5841937940781866fa1281a1ff7bd3bf827091440879f9994983d5c2"
dependencies = [
 "block-buffer",
 "const-oid",
 "crypto-common 0.2.2",
 "ctutils",
]

[[package]]
name = "educe"
version = "0.6.0"
source = "registry+https://github.com/rust-lang/crates.io-index"
checksum = "1d7bc049e1bd8cdeb31b68bbd586a9464ecf9f3944af3958a7a9d0f8b9799417"
dependencies = [
 "enum-ordinalize",
 "proc-macro2",
 "quote",
 "syn",
]

[[package]]
name = "either"
version = "1.16.0"
source = "registry+https://github.com/rust-lang/crates.io-index"
checksum = "91622ff5e7162018101f2fea40d6ebf4a78bbe5a49736a2020649edf9693679e"

[[package]]
name = "enum-ordinalize"
version = "4.4.1"
source = "registry+https://github.com/rust-lang/crates.io-index"
checksum = "07f808d588c10e464ea6f7d3eaed500049eff30aaac103460f61828c2d65b3eb"
dependencies = [
 "enum-ordinalize-derive",
]

[[package]]
name = "enum-ordinalize-derive"
version = "4.4.1"
source = "registry+https://github.com/rust-lang/crates.io-index"
checksum = "42e528e2d34ba8a67a1a650b86beae8ef69fc5fdb638016f386b973226590432"
dependencies = [
 "proc-macro2",
 "quote",
 "syn",
]

[[package]]
name = "find-msvc-tools"
version = "0.1.9"
source = "registry+https://github.com/rust-lang/crates.io-index"
checksum = "5baebc0774151f905a1a2cc41989300b1e6fbb29aff0ceffa1064fdd3088d582"

[[package]]
name = "fnv"
version = "1.0.7"
source = "registry+https://github.com/rust-lang/crates.io-index"
checksum = "3f9eec918d3f24069decb9af1554cad7c880e2da24a9afd88aca000531ab82c1"

[[package]]
name = "generic-array"
version = "0.14.7"
source = "registry+https://github.com/rust-lang/crates.io-index"
checksum = "85649ca51fd72272d7821adaf274ad91c288277713d9c18820d8499a7ff69e9a"
dependencies = [
 "typenum",
 "version_check",
]

[[package]]
name = "getrandom"
version = "0.2.17"
source = "registry+https://github.com/rust-lang/crates.io-index"
checksum = "ff2abc00be7fca6ebc474524697ae276ad847ad0a6b3faa4bcb027e9a4614ad0"
dependencies = [
 "cfg-if",
 "libc",
 "wasi",
]

[[package]]
name = "getrandom"
version = "0.4.3"
source = "registry+https://github.com/rust-lang/crates.io-index"
checksum = "300e883d756b2e4ec94e02791f39b04b522276138852cfc41d9fb7e904106099"
dependencies = [
 "cfg-if",
 "libc",
 "r-efi",
]

[[package]]
name = "hashbrown"
version = "0.15.5"
source = "registry+https://github.com/rust-lang/crates.io-index"
checksum = "9229cfe53dfd69f0609a49f65461bd93001ea1ef889cd5529dd176593f5338a1"
dependencies = [
 "allocator-api2",
]

[[package]]
name = "hybrid-array"
version = "0.4.13"
source = "registry+https://github.com/rust-lang/crates.io-index"
checksum = "818356c5132c1fede50f837ca96afbe78ff42413047f4abb886217845e1b6c8c"
dependencies = [
 "typenum",
]

[[package]]
name = "itertools"
version = "0.13.0"
source = "registry+https://github.com/rust-lang/crates.io-index"
checksum = "413ee7dfc52ee1a4949ceeb7dbc8a33f2d6c088194d9f922fb8318faf1f01186"
dependencies = [
 "either",
]

[[package]]
name = "itertools"
version = "0.14.0"
source = "registry+https://github.com/rust-lang/crates.io-index"
checksum = "2b192c782037fadd9cfa75548310488aabdbf3d2da73885b31bd0abd03351285"
dependencies = [
 "either",
]

[[package]]
name = "jobserver"
version = "0.1.35"
source = "registry+https://github.com/rust-lang/crates.io-index"
checksum = "1c00acbd29eabad4a2392fa0e921c874934dbbf4194312ad20f04a0ed67a3cb3"
dependencies = [
 "getrandom 0.4.3",
 "libc",
]

[[package]]
name = "jolt-crypto"
version = "0.1.0"
dependencies = [
 "ark-bn254",
 "ark-ec",
 "ark-ff 0.5.0",
 "ark-serialize 0.5.0",
 "ark-std 0.5.0",
 "jolt-field",
 "jolt-poly",
 "jolt-transcript",
 "num-bigint",
 "num-integer",
 "num-traits",
 "rand_core 0.6.4",
 "rayon",
 "serde",
]

[[package]]
name = "jolt-field"
version = "0.1.0"
dependencies = [
 "ark-bn254",
 "ark-ff 0.5.0",
 "ark-serialize 0.5.0",
 "num-traits",
 "rand 0.8.7",
 "rand_core 0.6.4",
 "serde",
]

[[package]]
name = "jolt-openings"
version = "0.1.0"
dependencies = [
 "jolt-crypto",
 "jolt-field",
 "jolt-poly",
 "jolt-transcript",
 "rayon",
 "serde",
 "thiserror 2.0.18",
 "tracing",
]

[[package]]
name = "jolt-poly"
version = "0.1.0"
dependencies = [
 "jolt-field",
 "num-traits",
 "rand_core 0.6.4",
 "rayon",
 "serde",
 "thiserror 2.0.18",
 "tracing",
]

[[package]]
name = "jolt-sumcheck"
version = "0.1.0"
dependencies = [
 "jolt-crypto",
 "jolt-field",
 "jolt-openings",
 "jolt-poly",
 "jolt-transcript",
 "rand_core 0.6.4",
 "serde",
 "thiserror 2.0.18",
 "tracing",
]

[[package]]
name = "jolt-sumcheck-fuzz"
version = "0.0.0"
dependencies = [
 "jolt-field",
 "jolt-poly",
 "jolt-sumcheck",
 "jolt-transcript",
 "libfuzzer-sys",
]

[[package]]
name = "jolt-transcript"
version = "0.1.0"
dependencies = [
 "ark-bn254",
 "ark-ff 0.5.0",
 "blake2",
 "digest 0.11.3",
 "jolt-field",
 "light-poseidon",
 "rand 0.8.7",
 "spongefish",
]

[[package]]
name = "keccak"
version = "0.1.6"
source = "registry+https://github.com/rust-lang/crates.io-index"
checksum = "cb26cec98cce3a3d96cbb7bced3c4b16e3d13f27ec56dbd62cbc8f39cfb9d653"
dependencies = [
 "cpufeatures 0.2.17",
]

[[package]]
name = "keccak"
version = "0.2.0"
source = "registry+https://github.com/rust-lang/crates.io-index"
checksum = "9e24a010dd405bd7ed803e5253182815b41bf2e6a80cc3bfc066658e03a198aa"
dependencies = [
 "cfg-if",
 "cpufeatures 0.3.0",
]

[[package]]
name = "libc"
version = "0.2.186"
source = "registry+https://github.com/rust-lang/crates.io-index"
checksum = "68ab91017fe16c622486840e4c83c9a37afeff978bd239b5293d61ece587de66"

[[package]]
name = "libfuzzer-sys"
version = "0.4.13"
source = "registry+https://github.com/rust-lang/crates.io-index"
checksum = "a9fd2f41a1cba099f79a0b6b6c35656cf7c03351a7bae8ff0f28f25270f929d2"
dependencies = [
 "arbitrary",
 "cc",
]

[[package]]
name = "light-poseidon"
version = "0.4.0"
source = "registry+https://github.com/rust-lang/crates.io-index"
checksum = "47a1ccadd0bb5a32c196da536fd72c59183de24a055f6bf0513bf845fefab862"
dependencies = [
 "ark-bn254",
 "ark-ff 0.5.0",
 "num-bigint",
 "thiserror 1.0.69",
]

[[package]]
name = "link-section"
version = "0.19.0"
source = "registry+https://github.com/rust-lang/crates.io-index"
checksum = "e333fe507b738576d6da5bb3f1a7d7a1c80307ed9ef31624c057d844c19c93e9"

[[package]]
name = "linktime-proc-macro"
version = "0.2.0"
source = "registry+https://github.com/rust-lang/crates.io-index"
checksum = "8c7b0a3383c2a1002d11349c92c85a666a5fb679e96c79d782cf0dbe557fd6ee"

[[package]]
name = "lock_api"
version = "0.4.14"
source = "registry+https://github.com/rust-lang/crates.io-index"
checksum = "224399e74b87b5f3557511d98dff8b14089b3dadafcab6bb93eab67d3aace965"
dependencies = [
 "scopeguard",
]

[[package]]
name = "num-bigint"
version = "0.4.8"
source = "registry+https://github.com/rust-lang/crates.io-index"
checksum = "c89e69e7e0f03bea5ef08013795c25018e101932225a656383bd384495ecc367"
dependencies = [
 "num-integer",
 "num-traits",
]

[[package]]
name = "num-integer"
version = "0.1.46"
source = "registry+https://github.com/rust-lang/crates.io-index"
checksum = "7969661fd2958a5cb096e56c8e1ad0444ac2bbcd0061bd28660485a44879858f"
dependencies = [
 "num-traits",
]

[[package]]
name = "num-traits"
version = "0.2.19"
source = "registry+https://github.com/rust-lang/crates.io-index"
checksum = "071dfc062690e90b734c0b2273ce72ad0ffa95f0c74596bc250dcfd960262841"
dependencies = [
 "autocfg",
]

[[package]]
name = "once_cell"
version = "1.21.4"
source = "registry+https://github.com/rust-lang/crates.io-index"
checksum = "9f7c3e4beb33f85d45ae3e3a1792185706c8e16d043238c593331cc7cd313b50"

[[package]]
name = "p3-challenger"
version = "0.5.3"
source = "registry+https://github.com/rust-lang/crates.io-index"
checksum = "8972ccd1d5dc90e46cdb1f2ab4ee2bae49b3917e5e98aa533f0c2b779c010445"
dependencies = [
 "p3-field",
 "p3-maybe-rayon",
 "p3-monty-31",
 "p3-symmetric",
 "p3-util",
 "tracing",
]

[[package]]
name = "p3-dft"
version = "0.5.3"
source = "registry+https://github.com/rust-lang/crates.io-index"
checksum = "17771aca44632f9cc11f2718d7ea7ec06794946c4190ef3a985bfc893f14c18a"
dependencies = [
 "itertools 0.14.0",
 "p3-field",
 "p3-matrix",
 "p3-maybe-rayon",
 "p3-util",
 "spin",
 "tracing",
]

[[package]]
name = "p3-field"
version = "0.5.3"
source = "registry+https://github.com/rust-lang/crates.io-index"
checksum = "6f3eb24d0591fd4d282d89cbe4e4efba5571c699375006f80b2cbf53ce83461c"
dependencies = [
 "itertools 0.14.0",
 "num-bigint",
 "p3-maybe-rayon",
 "p3-util",
 "paste",
 "rand 0.10.2",
 "serde",
 "tracing",
]

[[package]]
name = "p3-koala-bear"
version = "0.5.3"
source = "registry+https://github.com/rust-lang/crates.io-index"
checksum = "61e31d7adaecf270811e3f4b52dc12214235a5427b976a49a45f73d542fc0a2d"
dependencies = [
 "p3-challenger",
 "p3-field",
 "p3-mds",
 "p3-monty-31",
 "p3-poseidon1",
 "p3-poseidon2",
 "p3-symmetric",
 "rand 0.10.2",
]

[[package]]
name = "p3-matrix"
version = "0.5.3"
source = "registry+https://github.com/rust-lang/crates.io-index"
checksum = "ea9c94c0714944e7b8a9a62e6340b1e3e1d3f8ecfd3e35c08798360200e73eff"
dependencies = [
 "itertools 0.14.0",
 "p3-field",
 "p3-maybe-rayon",
 "p3-util",
 "rand 0.10.2",
 "serde",
 "tracing",
]

[[package]]
name = "p3-maybe-rayon"
version = "0.5.3"
source = "registry+https://github.com/rust-lang/crates.io-index"
checksum = "eebc233a34b1ab0273f35b4052fa2eeb3114b22ba4575bd7da00716e878ffb77"

[[package]]
name = "p3-mds"
version = "0.5.3"
source = "registry+https://github.com/rust-lang/crates.io-index"
checksum = "6b5441fa8116246ec9e6c835f15273cb27777ca572960ec87476b67fef13e01e"
dependencies = [
 "p3-dft",
 "p3-field",
 "p3-symmetric",
 "p3-util",
 "rand 0.10.2",
]

[[package]]
name = "p3-monty-31"
version = "0.5.3"
source = "registry+https://github.com/rust-lang/crates.io-index"
checksum = "8724f330ea6d19dd4f2436aa0f88b5fcbf88f0f55ca7fccd3fea8b736dbcddad"
dependencies = [
 "itertools 0.14.0",
 "num-bigint",
 "p3-dft",
 "p3-field",
 "p3-matrix",
 "p3-maybe-rayon",
 "p3-mds",
 "p3-poseidon1",
 "p3-poseidon2",
 "p3-symmetric",
 "p3-util",
 "paste",
 "rand 0.10.2",
 "serde",
 "spin",
 "tracing",
]

[[package]]
name = "p3-poseidon1"
version = "0.5.3"
source = "registry+https://github.com/rust-lang/crates.io-index"
checksum = "04e2a562fea210baae390a32f9ecf0dd8724ae3f4352d1c8e413077b6f00a162"
dependencies = [
 "p3-field",
 "p3-symmetric",
 "rand 0.10.2",
]

[[package]]
name = "p3-poseidon2"
version = "0.5.3"
source = "registry+https://github.com/rust-lang/crates.io-index"
checksum = "06394851c161d17e4aa4ad2aad5557d32f14cadd1dc838f965d8e1821a63b8c5"
dependencies = [
 "p3-field",
 "p3-mds",
 "p3-symmetric",
 "p3-util",
 "rand 0.10.2",
]

[[package]]
name = "p3-symmetric"
version = "0.5.3"
source = "registry+https://github.com/rust-lang/crates.io-index"
checksum = "9ac1a276d421f8ef3361bb7d8c39a02c93c6b3f10eeaa559cc4c50222f9a5b82"
dependencies = [
 "itertools 0.14.0",
 "p3-field",
 "p3-util",
 "serde",
]

[[package]]
name = "p3-util"
version = "0.5.3"
source = "registry+https://github.com/rust-lang/crates.io-index"
checksum = "d08a58162a4c264269ef454f0b28dcda89939490eecacb2b2cf5b00f719b80f6"
dependencies = [
 "serde",
 "transpose",
]

[[package]]
name = "paste"
version = "1.0.15"
source = "registry+https://github.com/rust-lang/crates.io-index"
checksum = "57c0d7b74b563b49d38dae00a0c37d4d6de9b432382b2892f0574ddcae73fd0a"

[[package]]
name = "pin-project-lite"
version = "0.2.17"
source = "registry+https://github.com/rust-lang/crates.io-index"
checksum = "a89322df9ebe1c1578d689c92318e070967d1042b512afbe49518723f4e6d5cd"

[[package]]
name = "ppv-lite86"
version = "0.2.21"
source = "registry+https://github.com/rust-lang/crates.io-index"
checksum = "85eae3c4ed2f50dcfe72643da4befc30deadb458a9b590d720cde2f2b1e97da9"
dependencies = [
 "zerocopy",
]

[[package]]
name = "proc-macro2"
version = "1.0.106"
source = "registry+https://github.com/rust-lang/crates.io-index"
checksum = "8fd00f0bb2e90d81d1044c2b32617f68fcb9fa3bb7640c23e9c748e53fb30934"
dependencies = [
 "unicode-ident",
]

[[package]]
name = "quote"
version = "1.0.46"
source = "registry+https://github.com/rust-lang/crates.io-index"
checksum = "dfbc457d0c7a0759a614551b11a6409e5951f6c7537be1f1b7682b9ae9230368"
dependencies = [
 "proc-macro2",
]

[[package]]
name = "r-efi"
version = "6.0.0"
source = "registry+https://github.com/rust-lang/crates.io-index"
checksum = "f8dcc9c7d52a811697d2151c701e0d08956f92b0e24136cf4cf27b57a6a0d9bf"

[[package]]
name = "rand"
version = "0.8.7"
source = "registry+https://github.com/rust-lang/crates.io-index"
checksum = "22f6172bdec972074665ed81ed53b71da00bfc44b65a753cfde883ec4c702a1a"
dependencies = [
 "libc",
 "rand_chacha",
 "rand_core 0.6.4",
]

[[package]]
name = "rand"
version = "0.10.2"
source = "registry+https://github.com/rust-lang/crates.io-index"
checksum = "c7f5fa3a058cd35567ef9bfa5e75732bee0f9e4c55fa90477bef2dfcdbc4be80"
dependencies = [
 "rand_core 0.10.1",
]

[[package]]
name = "rand_chacha"
version = "0.3.1"
source = "registry+https://github.com/rust-lang/crates.io-index"
checksum = "e6c10a63a0fa32252be49d21e7709d4d4baf8d231c2dbce1eaa8141b9b127d88"
dependencies = [
 "ppv-lite86",
 "rand_core 0.6.4",
]

[[package]]
name = "rand_core"
version = "0.6.4"
source = "registry+https://github.com/rust-lang/crates.io-index"
checksum = "ec0be4795e2f6a28069bec0b5ff3e2ac9bafc99e6a9a7dc3547996c5c816922c"
dependencies = [
 "getrandom 0.2.17",
]

[[package]]
name = "rand_core"
version = "0.10.1"
source = "registry+https://github.com/rust-lang/crates.io-index"
checksum = "63b8176103e19a2643978565ca18b50549f6101881c443590420e4dc998a3c69"

[[package]]
name = "rayon"
version = "1.12.0"
source = "registry+https://github.com/rust-lang/crates.io-index"
checksum = "fb39b166781f92d482534ef4b4b1b2568f42613b53e5b6c160e24cfbfa30926d"
dependencies = [
 "either",
 "rayon-core",
]

[[package]]
name = "rayon-core"
version = "1.13.0"
source = "registry+https://github.com/rust-lang/crates.io-index"
checksum = "22e18b0f0062d30d4230b2e85ff77fdfe4326feb054b9783a3460d8435c8ab91"
dependencies = [
 "crossbeam-deque",
 "crossbeam-utils",
]

[[package]]
name = "scopeguard"
version = "1.2.0"
source = "registry+https://github.com/rust-lang/crates.io-index"
checksum = "94143f37725109f92c262ed2cf5e59bce7498c01bcc1502d7b9afe439a4e9f49"

[[package]]
name = "serde"
version = "1.0.228"
source = "registry+https://github.com/rust-lang/crates.io-index"
checksum = "9a8e94ea7f378bd32cbbd37198a4a91436180c5bb472411e48b5ec2e2124ae9e"
dependencies = [
 "serde_core",
 "serde_derive",
]

[[package]]
name = "serde_core"
version = "1.0.228"
source = "registry+https://github.com/rust-lang/crates.io-index"
checksum = "41d385c7d4ca58e59fc732af25c3983b67ac852c1a25000afe1175de458b67ad"
dependencies = [
 "serde_derive",
]

[[package]]
name = "serde_derive"
version = "1.0.228"
source = "registry+https://github.com/rust-lang/crates.io-index"
checksum = "d540f220d3187173da220f885ab66608367b6574e925011a9353e4badda91d79"
dependencies = [
 "proc-macro2",
 "quote",
 "syn",
]

[[package]]
name = "sha2"
version = "0.11.0"
source = "registry+https://github.com/rust-lang/crates.io-index"
checksum = "446ba717509524cb3f22f17ecc096f10f4822d76ab5c0b9822c5f9c284e825f4"
dependencies = [
 "cfg-if",
 "cpufeatures 0.3.0",
 "digest 0.11.3",
]

[[package]]
name = "sha3"
version = "0.11.0"
source = "registry+https://github.com/rust-lang/crates.io-index"
checksum = "be176f1a57ce4e3d31c1a166222d9768de5954f811601fb7ca06fc8203905ce1"
dependencies = [
 "digest 0.11.3",
 "keccak 0.2.0",
]

[[package]]
name = "shlex"
version = "2.0.1"
source = "registry+https://github.com/rust-lang/crates.io-index"
checksum = "f8fadd59c855ef2080decdef8ff161eb6661b86933c9d82e5ba29dc602a55aba"

[[package]]
name = "spin"
version = "0.10.1"
source = "registry+https://github.com/rust-lang/crates.io-index"
checksum = "023a211cb3138dbc438680b32560ad89f699977624c9f8dbb95a47d5b4c07dd3"
dependencies = [
 "lock_api",
]

[[package]]
name = "spongefish"
version = "0.7.0"
source = "git+https://github.com/arkworks-rs/spongefish?rev=d2d190b1329d35ac9577438d05aed4f17a57b9f9#d2d190b1329d35ac9577438d05aed4f17a57b9f9"
dependencies = [
 "ark-ff 0.6.0",
 "ark-serialize 0.6.0",
 "blake2",
 "digest 0.11.3",
 "keccak 0.1.6",
 "p3-koala-bear",
 "rand 0.8.7",
 "sha2",
 "sha3",
]

[[package]]
name = "strength_reduce"
version = "0.2.4"
source = "registry+https://github.com/rust-lang/crates.io-index"
checksum = "fe895eb47f22e2ddd4dabc02bce419d2e643c8e3b585c78158b349195bc24d82"

[[package]]
name = "syn"
version = "2.0.118"
source = "registry+https://github.com/rust-lang/crates.io-index"
checksum = "1b9ae57f904213ebb649ce6895b8a66c66f0203b9319718f69a5612a065b1422"
dependencies = [
 "proc-macro2",
 "quote",
 "unicode-ident",
]

[[package]]
name = "thiserror"
version = "1.0.69"
source = "registry+https://github.com/rust-lang/crates.io-index"
checksum = "b6aaf5339b578ea85b50e080feb250a3e8ae8cfcdff9a461c9ec2904bc923f52"
dependencies = [
 "thiserror-impl 1.0.69",
]

[[package]]
name = "thiserror"
version = "2.0.18"
source = "registry+https://github.com/rust-lang/crates.io-index"
checksum = "4288b5bcbc7920c07a1149a35cf9590a2aa808e0bc1eafaade0b80947865fbc4"
dependencies = [
 "thiserror-impl 2.0.18",
]

[[package]]
name = "thiserror-impl"
version = "1.0.69"
source = "registry+https://github.com/rust-lang/crates.io-index"
checksum = "4fee6c4efc90059e10f81e6d42c60a18f76588c3d74cb83a0b242a2b6c7504c1"
dependencies = [
 "proc-macro2",
 "quote",
 "syn",
]

[[package]]
name = "thiserror-impl"
version = "2.0.18"
source = "registry+https://github.com/rust-lang/crates.io-index"
checksum = "ebc4ee7f67670e9b64d05fa4253e753e016c6c95ff35b89b7941d6b856dec1d5"
dependencies = [
 "proc-macro2",
 "quote",
 "syn",
]

[[package]]
name = "tracing"
version = "0.1.44"
source = "registry+https://github.com/rust-lang/crates.io-index"
checksum = "63e71662fa4b2a2c3a26f570f037eb95bb1f85397f3cd8076caed2f026a6d100"
dependencies = [
 "pin-project-lite",
 "tracing-attributes",
 "tracing-core",
]

[[package]]
name = "tracing-attributes"
version = "0.1.31"
source = "registry+https://github.com/rust-lang/crates.io-index"
checksum = "7490cfa5ec963746568740651ac6781f701c9c5ea257c58e057f3ba8cf69e8da"
dependencies = [
 "proc-macro2",
 "quote",
 "syn",
]

[[package]]
name = "tracing-core"
version = "0.1.36"
source = "registry+https://github.com/rust-lang/crates.io-index"
checksum = "db97caf9d906fbde555dd62fa95ddba9eecfd14cb388e4f491a66d74cd5fb79a"

[[package]]
name = "transpose"
version = "0.2.3"
source = "registry+https://github.com/rust-lang/crates.io-index"
checksum = "1ad61aed86bc3faea4300c7aee358b4c6d0c8d6ccc36524c96e4c92ccf26e77e"
dependencies = [
 "num-integer",
 "strength_reduce",
]

[[package]]
name = "typenum"
version = "1.20.1"
source = "registry+https://github.com/rust-lang/crates.io-index"
checksum = "b6f5e870be6c3b371b77fe0ee0bafb859fa4964b4404c27de1d380043c4dda20"

[[package]]
name = "unicode-ident"
version = "1.0.24"
source = "registry+https://github.com/rust-lang/crates.io-index"
checksum = "e6e4313cd5fcd3dad5cafa179702e2b244f760991f45397d14d4ebf38247da75"

[[package]]
name = "version_check"
version = "0.9.5"
source = "registry+https://github.com/rust-lang/crates.io-index"
checksum = "0b928f33d975fc6ad9f86c8f283853ad26bdd5b10b7f1542aa2fa15e2289105a"

[[package]]
name = "wasi"
version = "0.11.1+wasi-snapshot-preview1"
source = "registry+https://github.com/rust-lang/crates.io-index"
checksum = "ccf3ec651a847eb01de73ccad15eb7d99f80485de043efb2f370cd654f4ea44b"

[[package]]
name = "zerocopy"
version = "0.8.54"
source = "registry+https://github.com/rust-lang/crates.io-index"
checksum = "b7cbbc0a705a0fd05cc3676525980d2bf5a9bc4adac6d6475209a7887cf59d19"
dependencies = [
 "zerocopy-derive",
]

[[package]]
name = "zerocopy-derive"
version = "0.8.54"
source = "registry+https://github.com/rust-lang/crates.io-index"
checksum = "e2e817b7b52d0c7358d3246da9d69935ebb18116b2b102b4230dac079b4862f5"
dependencies = [
 "proc-macro2",
 "quote",
 "syn",
]

[[package]]
name = "zeroize"
version = "1.9.0"
source = "registry+https://github.com/rust-lang/crates.io-index"
checksum = "e13c156562582aa81c60cb29407084cdb54c4164760106ab78e6c5b0858cf64e"
dependencies = [
 "zeroize_derive",
]

[[package]]
name = "zeroize_derive"
version = "1.5.0"
source = "registry+https://github.com/rust-lang/crates.io-index"
checksum = "3c50655cbb0fe3fc43170059e702f1ce5e19b84cec58dc87b037a09935c2f328"
dependencies = [
 "proc-macro2",
 "quote",
 "syn",
]
