// !$*UTF8*$!
{
	archiveVersion = 1;
	classes = {
	};
	objectVersion = 56;
	objects = {

/* Begin PBXBuildFile section */
		4C26D7272ECE94E200E87A88 /* ecdsa-sign-preprocessing.bin in Resources */ = {isa = PBXBuildFile; fileRef = 4C26D7262ECE94E200E87A88 /* ecdsa-sign-preprocessing.bin */; };
		4C26D7282ECE94E200E87A88 /* ecdsa-sign.elf in Resources */ = {isa = PBXBuildFile; fileRef = 4C26D7252ECE94E200E87A88 /* ecdsa-sign.elf */; };
		4C26D72D2ECE952A00E87A88 /* sha3-chain-preprocessing.bin in Resources */ = {isa = PBXBuildFile; fileRef = 4C26D72C2ECE952A00E87A88 /* sha3-chain-preprocessing.bin */; };
		4C26D72E2ECE952A00E87A88 /* fibonacci-preprocessing.bin in Resources */ = {isa = PBXBuildFile; fileRef = 4C26D72A2ECE952A00E87A88 /* fibonacci-preprocessing.bin */; };
		4C26D72F2ECE952A00E87A88 /* fibonacci.elf in Resources */ = {isa = PBXBuildFile; fileRef = 4C26D7292ECE952A00E87A88 /* fibonacci.elf */; };
		4C26D7302ECE952A00E87A88 /* sha3-chain.elf in Resources */ = {isa = PBXBuildFile; fileRef = 4C26D72B2ECE952A00E87A88 /* sha3-chain.elf */; };
		4C5338092EC79F8400DB8F3F /* libjolt_ffi_device.a in Frameworks */ = {isa = PBXBuildFile; fileRef = AA0000120000000000000001 /* libjolt_ffi_device.a */; };
		AA0000010000000000000001 /* JoltProverApp.swift in Sources */ = {isa = PBXBuildFile; fileRef = AA0000020000000000000001 /* JoltProverApp.swift */; };
		AA0000030000000000000001 /* ContentView.swift in Sources */ = {isa = PBXBuildFile; fileRef = AA0000040000000000000001 /* ContentView.swift */; };
		AA0000050000000000000001 /* JoltProverViewModel.swift in Sources */ = {isa = PBXBuildFile; fileRef = AA0000060000000000000001 /* JoltProverViewModel.swift */; };
		AA0000070000000000000001 /* JoltFFI.swift in Sources */ = {isa = PBXBuildFile; fileRef = AA0000080000000000000001 /* JoltFFI.swift */; };
		AA0000090000000000000001 /* Assets.xcassets in Resources */ = {isa = PBXBuildFile; fileRef = AA0000100000000000000001 /* Assets.xcassets */; };
/* End PBXBuildFile section */

/* Begin PBXFileReference section */
		4C26D7252ECE94E200E87A88 /* ecdsa-sign.elf */ = {isa = PBXFileReference; lastKnownFileType = file; path = "ecdsa-sign.elf"; sourceTree = "<group>"; };
		4C26D7262ECE94E200E87A88 /* ecdsa-sign-preprocessing.bin */ = {isa = PBXFileReference; lastKnownFileType = archive.macbinary; path = "ecdsa-sign-preprocessing.bin"; sourceTree = "<group>"; };
		4C26D7292ECE952A00E87A88 /* fibonacci.elf */ = {isa = PBXFileReference; lastKnownFileType = file; path = fibonacci.elf; sourceTree = "<group>"; };
		4C26D72A2ECE952A00E87A88 /* fibonacci-preprocessing.bin */ = {isa = PBXFileReference; lastKnownFileType = archive.macbinary; path = "fibonacci-preprocessing.bin"; sourceTree = "<group>"; };
		4C26D72B2ECE952A00E87A88 /* sha3-chain.elf */ = {isa = PBXFileReference; lastKnownFileType = file; path = "sha3-chain.elf"; sourceTree = "<group>"; };
		4C26D72C2ECE952A00E87A88 /* sha3-chain-preprocessing.bin */ = {isa = PBXFileReference; lastKnownFileType = archive.macbinary; path = "sha3-chain-preprocessing.bin"; sourceTree = "<group>"; };
		AA0000020000000000000001 /* JoltProverApp.swift */ = {isa = PBXFileReference; lastKnownFileType = sourcecode.swift; path = JoltProverApp.swift; sourceTree = "<group>"; };
		AA0000040000000000000001 /* ContentView.swift */ = {isa = PBXFileReference; lastKnownFileType = sourcecode.swift; path = ContentView.swift; sourceTree = "<group>"; };
		AA0000060000000000000001 /* JoltProverViewModel.swift */ = {isa = PBXFileReference; lastKnownFileType = sourcecode.swift; path = JoltProverViewModel.swift; sourceTree = "<group>"; };
		AA0000080000000000000001 /* JoltFFI.swift */ = {isa = PBXFileReference; lastKnownFileType = sourcecode.swift; path = JoltFFI.swift; sourceTree = "<group>"; };
		AA0000100000000000000001 /* Assets.xcassets */ = {isa = PBXFileReference; lastKnownFileType = folder.assetcatalog; path = Assets.xcassets; sourceTree = "<group>"; };
		AA0000110000000000000001 /* JoltProver.app */ = {isa = PBXFileReference; explicitFileType = wrapper.application; includeInIndex = 0; path = JoltProver.app; sourceTree = BUILT_PRODUCTS_DIR; };
		AA0000120000000000000001 /* libjolt_ffi_device.a */ = {isa = PBXFileReference; lastKnownFileType = archive.ar; path = libjolt_ffi_device.a; sourceTree = "<group>"; };
		AA0000130000000000000001 /* libjolt_ffi_sim.a */ = {isa = PBXFileReference; lastKnownFileType = archive.ar; path = libjolt_ffi_sim.a; sourceTree = "<group>"; };
		AA0000140000000000000001 /* jolt-ffi.h */ = {isa = PBXFileReference; lastKnownFileType = sourcecode.c.h; path = "jolt-ffi.h"; sourceTree = "<group>"; };
		AA0000150000000000000001 /* module.modulemap */ = {isa = PBXFileReference; lastKnownFileType = "sourcecode.module-map"; path = module.modulemap; sourceTree = "<group>"; };
/* End PBXFileReference section */

/* Begin PBXFrameworksBuildPhase section */
		AA0000160000000000000001 /* Frameworks */ = {
			isa = PBXFrameworksBuildPhase;
			buildActionMask = 2147483647;
			files = (
				4C5338092EC79F8400DB8F3F /* libjolt_ffi_device.a in Frameworks */,
			);
			runOnlyForDeploymentPostprocessing = 0;
		};
/* End PBXFrameworksBuildPhase section */

/* Begin PBXGroup section */
		4C26D71E2ECE46A800E87A88 /* demos */ = {
			isa = PBXGroup;
			children = (
				4C26D7252ECE94E200E87A88 /* ecdsa-sign.elf */,
				4C26D7262ECE94E200E87A88 /* ecdsa-sign-preprocessing.bin */,
				4C26D7292ECE952A00E87A88 /* fibonacci.elf */,
				4C26D72A2ECE952A00E87A88 /* fibonacci-preprocessing.bin */,
				4C26D72B2ECE952A00E87A88 /* sha3-chain.elf */,
				4C26D72C2ECE952A00E87A88 /* sha3-chain-preprocessing.bin */,
			);
			path = demos;
			sourceTree = "<group>";
		};
		AA0000170000000000000001 = {
			isa = PBXGroup;
			children = (
				4C26D71E2ECE46A800E87A88 /* demos */,
				AA0000180000000000000001 /* JoltProver */,
				AA0000190000000000000001 /* libs */,
				AA0000200000000000000001 /* Products */,
			);
			sourceTree = "<group>";
		};
		AA0000180000000000000001 /* JoltProver */ = {
			isa = PBXGroup;
			children = (
				AA0000020000000000000001 /* JoltProverApp.swift */,
				AA0000040000000000000001 /* ContentView.swift */,
				AA0000060000000000000001 /* JoltProverViewModel.swift */,
				AA0000080000000000000001 /* JoltFFI.swift */,
				AA0000100000000000000001 /* Assets.xcassets */,
			);
			path = JoltProver;
			sourceTree = "<group>";
		};
		AA0000190000000000000001 /* libs */ = {
			isa = PBXGroup;
			children = (
				AA0000120000000000000001 /* libjolt_ffi_device.a */,
				AA0000130000000000000001 /* libjolt_ffi_sim.a */,
				AA0000140000000000000001 /* jolt-ffi.h */,
				AA0000150000000000000001 /* module.modulemap */,
			);
			path = libs;
			sourceTree = "<group>";
		};
		AA0000200000000000000001 /* Products */ = {
			isa = PBXGroup;
			children = (
				AA0000110000000000000001 /* JoltProver.app */,
			);
			name = Products;
			sourceTree = "<group>";
		};
/* End PBXGroup section */

/* Begin PBXNativeTarget section */
		AA0000210000000000000001 /* JoltProver */ = {
			isa = PBXNativeTarget;
			buildConfigurationList = AA0000220000000000000001 /* Build configuration list for PBXNativeTarget "JoltProver" */;
			buildPhases = (
				AA0000230000000000000001 /* Sources */,
				AA0000160000000000000001 /* Frameworks */,
				AA0000240000000000000001 /* Resources */,
			);
			buildRules = (
			);
			dependencies = (
			);
			name = JoltProver;
			productName = JoltProver;
			productReference = AA0000110000000000000001 /* JoltProver.app */;
			productType = "com.apple.product-type.application";
		};
/* End PBXNativeTarget section */

/* Begin PBXProject section */
		AA0000250000000000000001 /* Project object */ = {
			isa = PBXProject;
			attributes = {
				BuildIndependentTargetsInParallel = 1;
				LastSwiftUpdateCheck = 1500;
				LastUpgradeCheck = 2610;
				TargetAttributes = {
					AA0000210000000000000001 = {
						CreatedOnToolsVersion = 15.0;
					};
				};
			};
			buildConfigurationList = AA0000260000000000000001 /* Build configuration list for PBXProject "JoltProver" */;
			compatibilityVersion = "Xcode 14.0";
			developmentRegion = en;
			hasScannedForEncodings = 0;
			knownRegions = (
				en,
				Base,
			);
			mainGroup = AA0000170000000000000001;
			productRefGroup = AA0000200000000000000001 /* Products */;
			projectDirPath = "";
			projectRoot = "";
			targets = (
				AA0000210000000000000001 /* JoltProver */,
			);
		};
/* End PBXProject section */

/* Begin PBXResourcesBuildPhase section */
		AA0000240000000000000001 /* Resources */ = {
			isa = PBXResourcesBuildPhase;
			buildActionMask = 2147483647;
			files = (
				4C26D7272ECE94E200E87A88 /* ecdsa-sign-preprocessing.bin in Resources */,
				4C26D7282ECE94E200E87A88 /* ecdsa-sign.elf in Resources */,
				4C26D72D2ECE952A00E87A88 /* sha3-chain-preprocessing.bin in Resources */,
				4C26D72E2ECE952A00E87A88 /* fibonacci-preprocessing.bin in Resources */,
				4C26D72F2ECE952A00E87A88 /* fibonacci.elf in Resources */,
				4C26D7302ECE952A00E87A88 /* sha3-chain.elf in Resources */,
				AA0000090000000000000001 /* Assets.xcassets in Resources */,
			);
			runOnlyForDeploymentPostprocessing = 0;
		};
/* End PBXResourcesBuildPhase section */

/* Begin PBXSourcesBuildPhase section */
		AA0000230000000000000001 /* Sources */ = {
			isa = PBXSourcesBuildPhase;
			buildActionMask = 2147483647;
			files = (
				AA0000010000000000000001 /* JoltProverApp.swift in Sources */,
				AA0000030000000000000001 /* ContentView.swift in Sources */,
				AA0000050000000000000001 /* JoltProverViewModel.swift in Sources */,
				AA0000070000000000000001 /* JoltFFI.swift in Sources */,
			);
			runOnlyForDeploymentPostprocessing = 0;
		};
/* End PBXSourcesBuildPhase section */

/* Begin XCBuildConfiguration section */
		AA0000270000000000000001 /* Debug */ = {
			isa = XCBuildConfiguration;
			buildSettings = {
				ALWAYS_SEARCH_USER_PATHS = NO;
				ASSETCATALOG_COMPILER_GENERATE_SWIFT_ASSET_SYMBOL_EXTENSIONS = YES;
				CLANG_ANALYZER_NONNULL = YES;
				CLANG_ANALYZER_NUMBER_OBJECT_CONVERSION = YES_AGGRESSIVE;
				CLANG_CXX_LANGUAGE_STANDARD = "gnu++20";
				CLANG_ENABLE_MODULES = YES;
				CLANG_ENABLE_OBJC_ARC = YES;
				CLANG_ENABLE_OBJC_WEAK = YES;
				CLANG_WARN_BLOCK_CAPTURE_AUTORELEASING = YES;
				CLANG_WARN_BOOL_CONVERSION = YES;
				CLANG_WARN_COMMA = YES;
				CLANG_WARN_CONSTANT_CONVERSION = YES;
				CLANG_WARN_DEPRECATED_OBJC_IMPLEMENTATIONS = YES;
				CLANG_WARN_DIRECT_OBJC_ISA_USAGE = YES_ERROR;
				CLANG_WARN_DOCUMENTATION_COMMENTS = YES;
				CLANG_WARN_EMPTY_BODY = YES;
				CLANG_WARN_ENUM_CONVERSION = YES;
				CLANG_WARN_INFINITE_RECURSION = YES;
				CLANG_WARN_INT_CONVERSION = YES;
				CLANG_WARN_NON_LITERAL_NULL_CONVERSION = YES;
				CLANG_WARN_OBJC_IMPLICIT_RETAIN_SELF = YES;
				CLANG_WARN_OBJC_LITERAL_CONVERSION = YES;
				CLANG_WARN_OBJC_ROOT_CLASS = YES_ERROR;
				CLANG_WARN_QUOTED_INCLUDE_IN_FRAMEWORK_HEADER = YES;
				CLANG_WARN_RANGE_LOOP_ANALYSIS = YES;
				CLANG_WARN_STRICT_PROTOTYPES = YES;
				CLANG_WARN_SUSPICIOUS_MOVE = YES;
				CLANG_WARN_UNGUARDED_AVAILABILITY = YES_AGGRESSIVE;
				CLANG_WARN_UNREACHABLE_CODE = YES;
				CLANG_WARN__DUPLICATE_METHOD_MATCH = YES;
				COPY_PHASE_STRIP = NO;
				DEBUG_INFORMATION_FORMAT = dwarf;
				ENABLE_STRICT_OBJC_MSGSEND = YES;
				ENABLE_TESTABILITY = YES;
				ENABLE_USER_SCRIPT_SANDBOXING = YES;
				GCC_C_LANGUAGE_STANDARD = gnu17;
				GCC_DYNAMIC_NO_PIC = NO;
				GCC_NO_COMMON_BLOCKS = YES;
				GCC_OPTIMIZATION_LEVEL = 0;
				GCC_PREPROCESSOR_DEFINITIONS = (
					"DEBUG=1",
					"$(inherited)",
				);
				GCC_WARN_64_TO_32_BIT_CONVERSION = YES;
				GCC_WARN_ABOUT_RETURN_TYPE = YES_ERROR;
				GCC_WARN_UNDECLARED_SELECTOR = YES;
				GCC_WARN_UNINITIALIZED_AUTOS = YES_AGGRESSIVE;
				GCC_WARN_UNUSED_FUNCTION = YES;
				GCC_WARN_UNUSED_VARIABLE = YES;
				IPHONEOS_DEPLOYMENT_TARGET = 16.0;
				LOCALIZATION_PREFERS_STRING_CATALOGS = YES;
				MTL_ENABLE_DEBUG_INFO = INCLUDE_SOURCE;
				MTL_FAST_MATH = YES;
				ONLY_ACTIVE_ARCH = NO;
				SDKROOT = iphoneos;
				STRING_CATALOG_GENERATE_SYMBOLS = YES;
				SWIFT_ACTIVE_COMPILATION_CONDITIONS = "DEBUG $(inherited)";
				SWIFT_OPTIMIZATION_LEVEL = "-Onone";
			};
			name = Debug;
		};
		AA0000280000000000000001 /* Release */ = {
			isa = XCBuildConfiguration;
			buildSettings = {
				ALWAYS_SEARCH_USER_PATHS = NO;
				ASSETCATALOG_COMPILER_GENERATE_SWIFT_ASSET_SYMBOL_EXTENSIONS = YES;
				CLANG_ANALYZER_NONNULL = YES;
				CLANG_ANALYZER_NUMBER_OBJECT_CONVERSION = YES_AGGRESSIVE;
				CLANG_CXX_LANGUAGE_STANDARD = "gnu++20";
				CLANG_ENABLE_MODULES = YES;
				CLANG_ENABLE_OBJC_ARC = YES;
				CLANG_ENABLE_OBJC_WEAK = YES;
				CLANG_WARN_BLOCK_CAPTURE_AUTORELEASING = YES;
				CLANG_WARN_BOOL_CONVERSION = YES;
				CLANG_WARN_COMMA = YES;
				CLANG_WARN_CONSTANT_CONVERSION = YES;
				CLANG_WARN_DEPRECATED_OBJC_IMPLEMENTATIONS = YES;
				CLANG_WARN_DIRECT_OBJC_ISA_USAGE = YES_ERROR;
				CLANG_WARN_DOCUMENTATION_COMMENTS = YES;
				CLANG_WARN_EMPTY_BODY = YES;
				CLANG_WARN_ENUM_CONVERSION = YES;
				CLANG_WARN_INFINITE_RECURSION = YES;
				CLANG_WARN_INT_CONVERSION = YES;
				CLANG_WARN_NON_LITERAL_NULL_CONVERSION = YES;
				CLANG_WARN_OBJC_IMPLICIT_RETAIN_SELF = YES;
				CLANG_WARN_OBJC_LITERAL_CONVERSION = YES;
				CLANG_WARN_OBJC_ROOT_CLASS = YES_ERROR;
				CLANG_WARN_QUOTED_INCLUDE_IN_FRAMEWORK_HEADER = YES;
				CLANG_WARN_RANGE_LOOP_ANALYSIS = YES;
				CLANG_WARN_STRICT_PROTOTYPES = YES;
				CLANG_WARN_SUSPICIOUS_MOVE = YES;
				CLANG_WARN_UNGUARDED_AVAILABILITY = YES_AGGRESSIVE;
				CLANG_WARN_UNREACHABLE_CODE = YES;
				CLANG_WARN__DUPLICATE_METHOD_MATCH = YES;
				COPY_PHASE_STRIP = NO;
				DEBUG_INFORMATION_FORMAT = "dwarf-with-dsym";
				ENABLE_NS_ASSERTIONS = NO;
				ENABLE_STRICT_OBJC_MSGSEND = YES;
				ENABLE_USER_SCRIPT_SANDBOXING = YES;
				GCC_C_LANGUAGE_STANDARD = gnu17;
				GCC_NO_COMMON_BLOCKS = YES;
				GCC_WARN_64_TO_32_BIT_CONVERSION = YES;
				GCC_WARN_ABOUT_RETURN_TYPE = YES_ERROR;
				GCC_WARN_UNDECLARED_SELECTOR = YES;
				GCC_WARN_UNINITIALIZED_AUTOS = YES_AGGRESSIVE;
				GCC_WARN_UNUSED_FUNCTION = YES;
				GCC_WARN_UNUSED_VARIABLE = YES;
				IPHONEOS_DEPLOYMENT_TARGET = 16.0;
				LOCALIZATION_PREFERS_STRING_CATALOGS = YES;
				MTL_ENABLE_DEBUG_INFO = NO;
				MTL_FAST_MATH = YES;
				ONLY_ACTIVE_ARCH = YES;
				SDKROOT = iphoneos;
				STRING_CATALOG_GENERATE_SYMBOLS = YES;
				SWIFT_COMPILATION_MODE = wholemodule;
				VALIDATE_PRODUCT = YES;
			};
			name = Release;
		};
		AA0000290000000000000001 /* Debug */ = {
			isa = XCBuildConfiguration;
			buildSettings = {
				ASSETCATALOG_COMPILER_APPICON_NAME = AppIcon;
				ASSETCATALOG_COMPILER_GLOBAL_ACCENT_COLOR_NAME = AccentColor;
				CODE_SIGN_STYLE = Automatic;
				CURRENT_PROJECT_VERSION = 1;
				DEVELOPMENT_ASSET_PATHS = "";
				DEVELOPMENT_TEAM = L5D48LTQ38;
				ENABLE_PREVIEWS = YES;
				GENERATE_INFOPLIST_FILE = YES;
				INFOPLIST_KEY_CFBundleDisplayName = "Jolt Prover";
				INFOPLIST_KEY_LSSupportsOpeningDocumentsInPlace = YES;
				INFOPLIST_KEY_UIApplicationSceneManifest_Generation = YES;
				INFOPLIST_KEY_UIApplicationSupportsIndirectInputEvents = YES;
				INFOPLIST_KEY_UILaunchScreen_Generation = YES;
				INFOPLIST_KEY_UISupportedInterfaceOrientations = "UIInterfaceOrientationPortrait UIInterfaceOrientationLandscapeLeft UIInterfaceOrientationLandscapeRight";
				INFOPLIST_KEY_UISupportedInterfaceOrientations_iPad = "UIInterfaceOrientationPortrait UIInterfaceOrientationPortraitUpsideDown UIInterfaceOrientationLandscapeLeft UIInterfaceOrientationLandscapeRight";
				INFOPLIST_KEY_UISupportsDocumentBrowser = YES;
				IPHONEOS_DEPLOYMENT_TARGET = 26.0;
				LD_RUNPATH_SEARCH_PATHS = (
					"$(inherited)",
					"@executable_path/Frameworks",
				);
				LIBRARY_SEARCH_PATHS = (
					"$(inherited)",
					"$(PROJECT_DIR)/libs",
				);
				MARKETING_VERSION = 1.0;
				OTHER_LDFLAGS = "-lc++";
				PRODUCT_BUNDLE_IDENTIFIER = testingtesting.JoltProver;
				PRODUCT_NAME = "$(TARGET_NAME)";
				SUPPORTED_PLATFORMS = "iphoneos iphonesimulator";
				SUPPORTS_MACCATALYST = NO;
				SUPPORTS_MAC_DESIGNED_FOR_IPHONE_IPAD = NO;
				SUPPORTS_XR_DESIGNED_FOR_IPHONE_IPAD = NO;
				SWIFT_EMIT_LOC_STRINGS = YES;
				SWIFT_INCLUDE_PATHS = "$(PROJECT_DIR)/libs";
				SWIFT_VERSION = 5.0;
				TARGETED_DEVICE_FAMILY = "1,2";
			};
			name = Debug;
		};
		AA0000300000000000000001 /* Release */ = {
			isa = XCBuildConfiguration;
			buildSettings = {
				ASSETCATALOG_COMPILER_APPICON_NAME = AppIcon;
				ASSETCATALOG_COMPILER_GLOBAL_ACCENT_COLOR_NAME = AccentColor;
				CODE_SIGN_STYLE = Automatic;
				CURRENT_PROJECT_VERSION = 1;
				DEVELOPMENT_ASSET_PATHS = "";
				DEVELOPMENT_TEAM = L5D48LTQ38;
				ENABLE_PREVIEWS = YES;
				GENERATE_INFOPLIST_FILE = YES;
				INFOPLIST_KEY_CFBundleDisplayName = "Jolt Prover";
				INFOPLIST_KEY_LSSupportsOpeningDocumentsInPlace = YES;
				INFOPLIST_KEY_UIApplicationSceneManifest_Generation = YES;
				INFOPLIST_KEY_UIApplicationSupportsIndirectInputEvents = YES;
				INFOPLIST_KEY_UILaunchScreen_Generation = YES;
				INFOPLIST_KEY_UISupportedInterfaceOrientations = "UIInterfaceOrientationPortrait UIInterfaceOrientationLandscapeLeft UIInterfaceOrientationLandscapeRight";
				INFOPLIST_KEY_UISupportedInterfaceOrientations_iPad = "UIInterfaceOrientationPortrait UIInterfaceOrientationPortraitUpsideDown UIInterfaceOrientationLandscapeLeft UIInterfaceOrientationLandscapeRight";
				INFOPLIST_KEY_UISupportsDocumentBrowser = YES;
				IPHONEOS_DEPLOYMENT_TARGET = 26.0;
				LD_RUNPATH_SEARCH_PATHS = (
					"$(inherited)",
					"@executable_path/Frameworks",
				);
				LIBRARY_SEARCH_PATHS = (
					"$(inherited)",
					"$(PROJECT_DIR)/libs",
				);
				MARKETING_VERSION = 1.0;
				OTHER_LDFLAGS = "-lc++";
				PRODUCT_BUNDLE_IDENTIFIER = testingtesting.JoltProver;
				PRODUCT_NAME = "$(TARGET_NAME)";
				SUPPORTED_PLATFORMS = "iphoneos iphonesimulator";
				SUPPORTS_MACCATALYST = NO;
				SUPPORTS_MAC_DESIGNED_FOR_IPHONE_IPAD = NO;
				SUPPORTS_XR_DESIGNED_FOR_IPHONE_IPAD = NO;
				SWIFT_EMIT_LOC_STRINGS = YES;
				SWIFT_INCLUDE_PATHS = "$(PROJECT_DIR)/libs";
				SWIFT_VERSION = 5.0;
				TARGETED_DEVICE_FAMILY = "1,2";
			};
			name = Release;
		};
/* End XCBuildConfiguration section */

/* Begin XCConfigurationList section */
		AA0000220000000000000001 /* Build configuration list for PBXNativeTarget "JoltProver" */ = {
			isa = XCConfigurationList;
			buildConfigurations = (
				AA0000290000000000000001 /* Debug */,
				AA0000300000000000000001 /* Release */,
			);
			defaultConfigurationIsVisible = 0;
			defaultConfigurationName = Release;
		};
		AA0000260000000000000001 /* Build configuration list for PBXProject "JoltProver" */ = {
			isa = XCConfigurationList;
			buildConfigurations = (
				AA0000270000000000000001 /* Debug */,
				AA0000280000000000000001 /* Release */,
			);
			defaultConfigurationIsVisible = 0;
			defaultConfigurationName = Release;
		};
/* End XCConfigurationList section */
	};
	rootObject = AA0000250000000000000001 /* Project object */;
}
